
Microsoft Visual Studio Solution File, Format Version 12.00
# Visual Studio Version 16
VisualStudioVersion = 16.0.29709.97
MinimumVisualStudioVersion = 10.0.40219.1
Project("{888888A0-9F3D-457C-B088-3A5042F75D52}") = "Neural Net Intro", "Neural Net Intro\Neural Net Intro.pyproj", "{259CF357-A648-404D-AFF0-26C24EB8526E}"
EndProject
Global
	GlobalSection(SolutionConfigurationPlatforms) = preSolution
		Debug|Any CPU = Debug|Any CPU
		Release|Any CPU = Release|Any CPU
	EndGlobalSection
	GlobalSection(ProjectConfigurationPlatforms) = postSolution
		{259CF357-A648-404D-AFF0-26C24EB8526E}.Debug|Any CPU.ActiveCfg = Debug|Any CPU
		{259CF357-A648-404D-AFF0-26C24EB8526E}.Release|Any CPU.ActiveCfg = Release|Any CPU
	EndGlobalSection
	GlobalSection(SolutionProperties) = preSolution
		HideSolutionNode = FALSE
	EndGlobalSection
	GlobalSection(ExtensibilityGlobals) = postSolution
		SolutionGuid = {34DC6B74-F603-4847-A6CD-2320D93C76D4}
	EndGlobalSection
EndGlobal
